{
  "nodes": {
    "home-manager": {
      "inputs": {
        "nixpkgs": [
          "nixpkgs"
        ]
      },
      "locked": {
        "lastModified": 1622312678,
        "narHash": "sha256-LsVDvO6TBnSQNNoV+Dt10+jx91eS74k8hf4zIOMAyR0=",
        "owner": "nix-community",
        "repo": "home-manager",
        "rev": "49706878e1580d796cc99b63574310405935113f",
        "type": "github"
      },
      "original": {
        "owner": "nix-community",
        "ref": "release-20.09",
        "repo": "home-manager",
        "type": "github"
      }
    },
    "nixos-hardware": {
      "locked": {
        "lastModified": 1622521809,
        "narHash": "sha256-7XcqrtrHDeaasKzg/ruroLsC2fb6Fi3aenCrv1+xVLk=",
        "owner": "NixOS",
        "repo": "nixos-hardware",
        "rev": "b2186d6c3cdc58fb3a8def0f608bcae61138cc6f",
        "type": "github"
      },
      "original": {
        "owner": "NixOS",
        "repo": "nixos-hardware",
        "type": "github"
      }
    },
    "nixpkgs": {
      "locked": {
        "lastModified": 1623082731,
        "narHash": "sha256-D/Bz1XLXO8yw2bR16DkeA+o0inwoXODjW8fE4tazvSg=",
        "owner": "NixOS",
        "repo": "nixpkgs",
        "rev": "17a455ce5a28dcd894ee2a98159a2aeaf8eaa613",
        "type": "github"
      },
      "original": {
        "owner": "NixOS",
        "ref": "nixos-20.09",
        "repo": "nixpkgs",
        "type": "github"
      }
    },
    "nixpkgs-unstable": {
      "locked": {
        "lastModified": 1623084146,
        "narHash": "sha256-oWsOzM4PVW2fsMAKFzR/o0LQ4FqHNMeELjpU/ALda3Y=",
        "owner": "NixOS",
        "repo": "nixpkgs",
        "rev": "12e7af1cfb3ab5bbbbd1d213a0b17c11ce9d3f2f",
        "type": "github"
      },
      "original": {
        "owner": "NixOS",
        "ref": "nixpkgs-unstable",
        "repo": "nixpkgs",
        "type": "github"
      }
    },
    "root": {
      "inputs": {
        "home-manager": "home-manager",
        "nixos-hardware": "nixos-hardware",
        "nixpkgs": "nixpkgs",
        "nixpkgs-unstable": "nixpkgs-unstable",
        "workaround": "workaround"
      }
    },
    "workaround": {
      "locked": {
        "lastModified": 1622686539,
        "narHash": "sha256-1ggv++MkLn1FmvwU4hXmayLBp2LRqO94aZ8cnHzfs9w=",
        "owner": "NixOS",
        "repo": "nixpkgs",
        "rev": "edb5ff75f24e95e1ff2a05329e4c051de5eea4f2",
        "type": "github"
      },
      "original": {
        "owner": "NixOS",
        "repo": "nixpkgs",
        "rev": "edb5ff75f24e95e1ff2a05329e4c051de5eea4f2",
        "type": "github"
      }
    }
  },
  "root": "root",
  "version": 7
}
