{
  "nodes": {
    "home-manager": {
      "inputs": {
        "nixpkgs": [
          "nixpkgs"
        ]
      },
      "locked": {
        "lastModified": 1648834319,
        "narHash": "sha256-i5Aj4Aw64D/A0X6XW5LxSS4XBnYj7gMz+kN4dpsbdk8=",
        "owner": "nix-community",
        "repo": "home-manager",
        "rev": "0bdbdea2e26c984b096f4f7d10e3c88536a980b0",
        "type": "github"
      },
      "original": {
        "owner": "nix-community",
        "ref": "release-21.11",
        "repo": "home-manager",
        "type": "github"
      }
    },
    "nixos-hardware": {
      "locked": {
        "lastModified": 1649660850,
        "narHash": "sha256-x8ZE4B+EuA9dCEJKNzT59yQjzotVMnGYU5GMoqMLk3A=",
        "owner": "NixOS",
        "repo": "nixos-hardware",
        "rev": "f4160a629bac3538939a3005c8b5c7fb320bcf59",
        "type": "github"
      },
      "original": {
        "owner": "NixOS",
        "repo": "nixos-hardware",
        "type": "github"
      }
    },
    "nixpkgs": {
      "locked": {
        "lastModified": 1649537291,
        "narHash": "sha256-V6VYIwTeI5BCfYK9f5EsMbjsjsis1rUDHMsaDbTvt+A=",
        "owner": "NixOS",
        "repo": "nixpkgs",
        "rev": "715dc137b08213aabbbe0965b78ab938e5d8d3b7",
        "type": "github"
      },
      "original": {
        "owner": "NixOS",
        "ref": "nixos-21.11",
        "repo": "nixpkgs",
        "type": "github"
      }
    },
    "nixpkgs-unstable": {
      "locked": {
        "lastModified": 1648219316,
        "narHash": "sha256-Ctij+dOi0ZZIfX5eMhgwugfvB+WZSrvVNAyAuANOsnQ=",
        "owner": "NixOS",
        "repo": "nixpkgs",
        "rev": "30d3d79b7d3607d56546dd2a6b49e156ba0ec634",
        "type": "github"
      },
      "original": {
        "owner": "NixOS",
        "ref": "nixpkgs-unstable",
        "repo": "nixpkgs",
        "type": "github"
      }
    },
    "root": {
      "inputs": {
        "home-manager": "home-manager",
        "nixos-hardware": "nixos-hardware",
        "nixpkgs": "nixpkgs",
        "nixpkgs-unstable": "nixpkgs-unstable"
      }
    }
  },
  "root": "root",
  "version": 7
}
